
Microsoft Visual Studio Solution File, Format Version 11.00
# Visual Studio 2010
Project("{FAE04EC0-301F-11D3-BF4B-00C04F79EFBC}") = "SimpleQuery", "src\SimpleQuery\SimpleQuery.csproj", "{F63604CB-832F-465F-9FE5-05766EEF1FC6}"
EndProject
Project("{FAE04EC0-301F-11D3-BF4B-00C04F79EFBC}") = "SimpleQuery.Tests", "src\SimpleQuery.Tests\SimpleQuery.Tests.csproj", "{04BEEC17-023B-4EFA-8B75-66F7DC8FB5EC}"
EndProject
Global
	GlobalSection(SolutionConfigurationPlatforms) = preSolution
		Debug|Any CPU = Debug|Any CPU
		Release|Any CPU = Release|Any CPU
	EndGlobalSection
	GlobalSection(ProjectConfigurationPlatforms) = postSolution
		{F63604CB-832F-465F-9FE5-05766EEF1FC6}.Debug|Any CPU.ActiveCfg = Debug|Any CPU
		{F63604CB-832F-465F-9FE5-05766EEF1FC6}.Debug|Any CPU.Build.0 = Debug|Any CPU
		{F63604CB-832F-465F-9FE5-05766EEF1FC6}.Release|Any CPU.ActiveCfg = Release|Any CPU
		{F63604CB-832F-465F-9FE5-05766EEF1FC6}.Release|Any CPU.Build.0 = Release|Any CPU
		{04BEEC17-023B-4EFA-8B75-66F7DC8FB5EC}.Debug|Any CPU.ActiveCfg = Debug|Any CPU
		{04BEEC17-023B-4EFA-8B75-66F7DC8FB5EC}.Debug|Any CPU.Build.0 = Debug|Any CPU
		{04BEEC17-023B-4EFA-8B75-66F7DC8FB5EC}.Release|Any CPU.ActiveCfg = Release|Any CPU
		{04BEEC17-023B-4EFA-8B75-66F7DC8FB5EC}.Release|Any CPU.Build.0 = Release|Any CPU
	EndGlobalSection
	GlobalSection(SolutionProperties) = preSolution
		HideSolutionNode = FALSE
	EndGlobalSection
EndGlobal
